
Microsoft Visual Studio Solution File, Format Version 12.00
# Visual Studio Version 17
VisualStudioVersion = 17.14.36301.6
MinimumVisualStudioVersion = 10.0.40219.1
Project("{FAE04EC0-301F-11D3-BF4B-00C04F79EFBC}") = "NDB.CodeGen.EF", "src\NDB.CodeGen.EF.csproj", "{D06DCB74-42A6-6B1A-D420-223184EA1F51}"
EndProject
Global
	GlobalSection(SolutionConfigurationPlatforms) = preSolution
		Debug|Any CPU = Debug|Any CPU
		Release|Any CPU = Release|Any CPU
	EndGlobalSection
	GlobalSection(ProjectConfigurationPlatforms) = postSolution
		{D06DCB74-42A6-6B1A-D420-223184EA1F51}.Debug|Any CPU.ActiveCfg = Debug|Any CPU
		{D06DCB74-42A6-6B1A-D420-223184EA1F51}.Debug|Any CPU.Build.0 = Debug|Any CPU
		{D06DCB74-42A6-6B1A-D420-223184EA1F51}.Release|Any CPU.ActiveCfg = Release|Any CPU
		{D06DCB74-42A6-6B1A-D420-223184EA1F51}.Release|Any CPU.Build.0 = Release|Any CPU
	EndGlobalSection
	GlobalSection(SolutionProperties) = preSolution
		HideSolutionNode = FALSE
	EndGlobalSection
	GlobalSection(ExtensibilityGlobals) = postSolution
		SolutionGuid = {46CCD324-38DD-4F36-A0EA-0572BF9B6615}
	EndGlobalSection
EndGlobal
